PODS:
  - Alamofire (4.5.0)
  - GoogleMaps (2.4.0):
    - GoogleMaps/Maps (= 2.4.0)
  - GoogleMaps/Base (2.4.0)
  - GoogleMaps/Maps (2.4.0):
    - GoogleMaps/Base
  - Socket.IO-Client-Swift (11.0.0):
    - StarscreamSocketIO (~> 8.0.1)
  - StarscreamSocketIO (8.0.1)
  - SwiftyJSON (3.1.4)

DEPENDENCIES:
  - Alamofire (~> 4.4)
  - GoogleMaps (~> 2.4.0)
  - Socket.IO-Client-Swift (~> 11.0.0)
  - SwiftyJSON

SPEC CHECKSUMS:
  Alamofire: f28cdffd29de33a7bfa022cbd63ae95a27fae140
  GoogleMaps: 8436ab5d1c25e36915b2f7416d0c8e3fa2e76c61
  Socket.IO-Client-Swift: 9cafa4459be23886c231942baeebb0df94f3989e
  StarscreamSocketIO: 821a1a2597cc4735919fd5d7683a85c14b81bb8c
  SwiftyJSON: c2842d878f95482ffceec5709abc3d05680c0220

PODFILE CHECKSUM: 9a7ed63f1588542bf51039ffd9b4244b4d7d35e7

COCOAPODS: 1.3.1
